
Microsoft Visual Studio Solution File, Format Version 12.00
# Visual Studio Version 17
VisualStudioVersion = 17.4.33103.184
MinimumVisualStudioVersion = 10.0.40219.1
Project("{FAE04EC0-301F-11D3-BF4B-00C04F79EFBC}") = "Exceptions", "Exceptions\Exceptions.csproj", "{3EF89DFD-286D-4319-B1EC-C53C2924F044}"
EndProject
Global
	GlobalSection(SolutionConfigurationPlatforms) = preSolution
		Debug|Any CPU = Debug|Any CPU
		Release|Any CPU = Release|Any CPU
	EndGlobalSection
	GlobalSection(ProjectConfigurationPlatforms) = postSolution
		{3EF89DFD-286D-4319-B1EC-C53C2924F044}.Debug|Any CPU.ActiveCfg = Debug|Any CPU
		{3EF89DFD-286D-4319-B1EC-C53C2924F044}.Debug|Any CPU.Build.0 = Debug|Any CPU
		{3EF89DFD-286D-4319-B1EC-C53C2924F044}.Release|Any CPU.ActiveCfg = Release|Any CPU
		{3EF89DFD-286D-4319-B1EC-C53C2924F044}.Release|Any CPU.Build.0 = Release|Any CPU
	EndGlobalSection
	GlobalSection(SolutionProperties) = preSolution
		HideSolutionNode = FALSE
	EndGlobalSection
	GlobalSection(ExtensibilityGlobals) = postSolution
		SolutionGuid = {44565A80-A0CB-4EC7-AD41-48FCB48EC38F}
	EndGlobalSection
EndGlobal
